// !$*UTF8*$!
{
	archiveVersion = 1;
	classes = {
	};
	objectVersion = 46;
	objects = {

/* Begin PBXBuildFile section */
		BE6E1358153F719200DBE022 /* UIKit.framework in Frameworks */ = {isa = PBXBuildFile; fileRef = BE6E1357153F719200DBE022 /* UIKit.framework */; };
		BE6E135A153F719200DBE022 /* Foundation.framework in Frameworks */ = {isa = PBXBuildFile; fileRef = BE6E1359153F719200DBE022 /* Foundation.framework */; };
		BE6E135C153F719200DBE022 /* CoreGraphics.framework in Frameworks */ = {isa = PBXBuildFile; fileRef = BE6E135B153F719200DBE022 /* CoreGraphics.framework */; };
		BE6E1362153F719200DBE022 /* InfoPlist.strings in Resources */ = {isa = PBXBuildFile; fileRef = BE6E1360153F719200DBE022 /* InfoPlist.strings */; };
		BE6E1364153F719200DBE022 /* main.m in Sources */ = {isa = PBXBuildFile; fileRef = BE6E1363153F719200DBE022 /* main.m */; };
		BE6E1368153F719200DBE022 /* FlipGoneAppDelegate.m in Sources */ = {isa = PBXBuildFile; fileRef = BE6E1367153F719200DBE022 /* FlipGoneAppDelegate.m */; };
		BE6E1370153F78D800DBE022 /* BigView.m in Sources */ = {isa = PBXBuildFile; fileRef = BE6E136F153F78D800DBE022 /* BigView.m */; };
		BE6E1373153F796E00DBE022 /* LittleView0.m in Sources */ = {isa = PBXBuildFile; fileRef = BE6E1372153F796E00DBE022 /* LittleView0.m */; };
		BE6E1379153F7AFD00DBE022 /* LittleView1.m in Sources */ = {isa = PBXBuildFile; fileRef = BE6E1378153F7AFD00DBE022 /* LittleView1.m */; };
		BE6E137B153F813700DBE022 /* gone.mp3 in Resources */ = {isa = PBXBuildFile; fileRef = BE6E137A153F813700DBE022 /* gone.mp3 */; };
/* End PBXBuildFile section */

/* Begin PBXFileReference section */
		BE6E1353153F719200DBE022 /* April19.app */ = {isa = PBXFileReference; explicitFileType = wrapper.application; includeInIndex = 0; path = April19.app; sourceTree = BUILT_PRODUCTS_DIR; };
		BE6E1357153F719200DBE022 /* UIKit.framework */ = {isa = PBXFileReference; lastKnownFileType = wrapper.framework; name = UIKit.framework; path = System/Library/Frameworks/UIKit.framework; sourceTree = SDKROOT; };
		BE6E1359153F719200DBE022 /* Foundation.framework */ = {isa = PBXFileReference; lastKnownFileType = wrapper.framework; name = Foundation.framework; path = System/Library/Frameworks/Foundation.framework; sourceTree = SDKROOT; };
		BE6E135B153F719200DBE022 /* CoreGraphics.framework */ = {isa = PBXFileReference; lastKnownFileType = wrapper.framework; name = CoreGraphics.framework; path = System/Library/Frameworks/CoreGraphics.framework; sourceTree = SDKROOT; };
		BE6E135F153F719200DBE022 /* April19-Info.plist */ = {isa = PBXFileReference; lastKnownFileType = text.plist.xml; path = "April19-Info.plist"; sourceTree = "<group>"; };
		BE6E1361153F719200DBE022 /* en */ = {isa = PBXFileReference; lastKnownFileType = text.plist.strings; name = en; path = en.lproj/InfoPlist.strings; sourceTree = "<group>"; };
		BE6E1363153F719200DBE022 /* main.m */ = {isa = PBXFileReference; lastKnownFileType = sourcecode.c.objc; path = main.m; sourceTree = "<group>"; };
		BE6E1365153F719200DBE022 /* April19-Prefix.pch */ = {isa = PBXFileReference; lastKnownFileType = sourcecode.c.h; path = "April19-Prefix.pch"; sourceTree = "<group>"; };
		BE6E1366153F719200DBE022 /* FlipGoneAppDelegate.h */ = {isa = PBXFileReference; lastKnownFileType = sourcecode.c.h; path = FlipGoneAppDelegate.h; sourceTree = "<group>"; };
		BE6E1367153F719200DBE022 /* FlipGoneAppDelegate.m */ = {isa = PBXFileReference; lastKnownFileType = sourcecode.c.objc; path = FlipGoneAppDelegate.m; sourceTree = "<group>"; };
		BE6E136E153F78D800DBE022 /* BigView.h */ = {isa = PBXFileReference; fileEncoding = 4; lastKnownFileType = sourcecode.c.h; path = BigView.h; sourceTree = "<group>"; };
		BE6E136F153F78D800DBE022 /* BigView.m */ = {isa = PBXFileReference; fileEncoding = 4; lastKnownFileType = sourcecode.c.objc; path = BigView.m; sourceTree = "<group>"; };
		BE6E1371153F796E00DBE022 /* LittleView0.h */ = {isa = PBXFileReference; fileEncoding = 4; lastKnownFileType = sourcecode.c.h; path = LittleView0.h; sourceTree = "<group>"; };
		BE6E1372153F796E00DBE022 /* LittleView0.m */ = {isa = PBXFileReference; fileEncoding = 4; lastKnownFileType = sourcecode.c.objc; path = LittleView0.m; sourceTree = "<group>"; };
		BE6E1377153F7AFC00DBE022 /* LittleView1.h */ = {isa = PBXFileReference; fileEncoding = 4; lastKnownFileType = sourcecode.c.h; path = LittleView1.h; sourceTree = "<group>"; };
		BE6E1378153F7AFD00DBE022 /* LittleView1.m */ = {isa = PBXFileReference; fileEncoding = 4; lastKnownFileType = sourcecode.c.objc; path = LittleView1.m; sourceTree = "<group>"; };
		BE6E137A153F813700DBE022 /* gone.mp3 */ = {isa = PBXFileReference; lastKnownFileType = audio.mp3; path = gone.mp3; sourceTree = "<group>"; };
/* End PBXFileReference section */

/* Begin PBXFrameworksBuildPhase section */
		BE6E1350153F719200DBE022 /* Frameworks */ = {
			isa = PBXFrameworksBuildPhase;
			buildActionMask = 2147483647;
			files = (
				BE6E1358153F719200DBE022 /* UIKit.framework in Frameworks */,
				BE6E135A153F719200DBE022 /* Foundation.framework in Frameworks */,
				BE6E135C153F719200DBE022 /* CoreGraphics.framework in Frameworks */,
			);
			runOnlyForDeploymentPostprocessing = 0;
		};
/* End PBXFrameworksBuildPhase section */

/* Begin PBXGroup section */
		BE6E1348153F719200DBE022 = {
			isa = PBXGroup;
			children = (
				BE6E135D153F719200DBE022 /* April19 */,
				BE6E1356153F719200DBE022 /* Frameworks */,
				BE6E1354153F719200DBE022 /* Products */,
			);
			sourceTree = "<group>";
		};
		BE6E1354153F719200DBE022 /* Products */ = {
			isa = PBXGroup;
			children = (
				BE6E1353153F719200DBE022 /* April19.app */,
			);
			name = Products;
			sourceTree = "<group>";
		};
		BE6E1356153F719200DBE022 /* Frameworks */ = {
			isa = PBXGroup;
			children = (
				BE6E1357153F719200DBE022 /* UIKit.framework */,
				BE6E1359153F719200DBE022 /* Foundation.framework */,
				BE6E135B153F719200DBE022 /* CoreGraphics.framework */,
			);
			name = Frameworks;
			sourceTree = "<group>";
		};
		BE6E135D153F719200DBE022 /* April19 */ = {
			isa = PBXGroup;
			children = (
				BE6E1366153F719200DBE022 /* FlipGoneAppDelegate.h */,
				BE6E1367153F719200DBE022 /* FlipGoneAppDelegate.m */,
				BE6E136E153F78D800DBE022 /* BigView.h */,
				BE6E136F153F78D800DBE022 /* BigView.m */,
				BE6E1371153F796E00DBE022 /* LittleView0.h */,
				BE6E1372153F796E00DBE022 /* LittleView0.m */,
				BE6E1377153F7AFC00DBE022 /* LittleView1.h */,
				BE6E1378153F7AFD00DBE022 /* LittleView1.m */,
				BE6E137A153F813700DBE022 /* gone.mp3 */,
				BE6E135E153F719200DBE022 /* Supporting Files */,
			);
			path = April19;
			sourceTree = "<group>";
		};
		BE6E135E153F719200DBE022 /* Supporting Files */ = {
			isa = PBXGroup;
			children = (
				BE6E135F153F719200DBE022 /* April19-Info.plist */,
				BE6E1360153F719200DBE022 /* InfoPlist.strings */,
				BE6E1363153F719200DBE022 /* main.m */,
				BE6E1365153F719200DBE022 /* April19-Prefix.pch */,
			);
			name = "Supporting Files";
			sourceTree = "<group>";
		};
/* End PBXGroup section */

/* Begin PBXNativeTarget section */
		BE6E1352153F719200DBE022 /* April19 */ = {
			isa = PBXNativeTarget;
			buildConfigurationList = BE6E136B153F719200DBE022 /* Build configuration list for PBXNativeTarget "April19" */;
			buildPhases = (
				BE6E134F153F719200DBE022 /* Sources */,
				BE6E1350153F719200DBE022 /* Frameworks */,
				BE6E1351153F719200DBE022 /* Resources */,
			);
			buildRules = (
			);
			dependencies = (
			);
			name = April19;
			productName = April19;
			productReference = BE6E1353153F719200DBE022 /* April19.app */;
			productType = "com.apple.product-type.application";
		};
/* End PBXNativeTarget section */

/* Begin PBXProject section */
		BE6E134A153F719200DBE022 /* Project object */ = {
			isa = PBXProject;
			attributes = {
				CLASSPREFIX = FlipGone;
				LastUpgradeCheck = 0430;
			};
			buildConfigurationList = BE6E134D153F719200DBE022 /* Build configuration list for PBXProject "April19" */;
			compatibilityVersion = "Xcode 3.2";
			developmentRegion = English;
			hasScannedForEncodings = 0;
			knownRegions = (
				en,
			);
			mainGroup = BE6E1348153F719200DBE022;
			productRefGroup = BE6E1354153F719200DBE022 /* Products */;
			projectDirPath = "";
			projectRoot = "";
			targets = (
				BE6E1352153F719200DBE022 /* April19 */,
			);
		};
/* End PBXProject section */

/* Begin PBXResourcesBuildPhase section */
		BE6E1351153F719200DBE022 /* Resources */ = {
			isa = PBXResourcesBuildPhase;
			buildActionMask = 2147483647;
			files = (
				BE6E1362153F719200DBE022 /* InfoPlist.strings in Resources */,
				BE6E137B153F813700DBE022 /* gone.mp3 in Resources */,
			);
			runOnlyForDeploymentPostprocessing = 0;
		};
/* End PBXResourcesBuildPhase section */

/* Begin PBXSourcesBuildPhase section */
		BE6E134F153F719200DBE022 /* Sources */ = {
			isa = PBXSourcesBuildPhase;
			buildActionMask = 2147483647;
			files = (
				BE6E1364153F719200DBE022 /* main.m in Sources */,
				BE6E1368153F719200DBE022 /* FlipGoneAppDelegate.m in Sources */,
				BE6E1370153F78D800DBE022 /* BigView.m in Sources */,
				BE6E1373153F796E00DBE022 /* LittleView0.m in Sources */,
				BE6E1379153F7AFD00DBE022 /* LittleView1.m in Sources */,
			);
			runOnlyForDeploymentPostprocessing = 0;
		};
/* End PBXSourcesBuildPhase section */

/* Begin PBXVariantGroup section */
		BE6E1360153F719200DBE022 /* InfoPlist.strings */ = {
			isa = PBXVariantGroup;
			children = (
				BE6E1361153F719200DBE022 /* en */,
			);
			name = InfoPlist.strings;
			sourceTree = "<group>";
		};
/* End PBXVariantGroup section */

/* Begin XCBuildConfiguration section */
		BE6E1369153F719200DBE022 /* Debug */ = {
			isa = XCBuildConfiguration;
			buildSettings = {
				ALWAYS_SEARCH_USER_PATHS = NO;
				ARCHS = "$(ARCHS_STANDARD_32_BIT)";
				CLANG_ENABLE_OBJC_ARC = YES;
				"CODE_SIGN_IDENTITY[sdk=iphoneos*]" = "iPhone Developer";
				COPY_PHASE_STRIP = NO;
				GCC_C_LANGUAGE_STANDARD = gnu99;
				GCC_DYNAMIC_NO_PIC = NO;
				GCC_OPTIMIZATION_LEVEL = 0;
				GCC_PREPROCESSOR_DEFINITIONS = (
					"DEBUG=1",
					"$(inherited)",
				);
				GCC_SYMBOLS_PRIVATE_EXTERN = NO;
				GCC_VERSION = com.apple.compilers.llvm.clang.1_0;
				GCC_WARN_ABOUT_RETURN_TYPE = YES;
				GCC_WARN_UNINITIALIZED_AUTOS = YES;
				GCC_WARN_UNUSED_VARIABLE = YES;
				IPHONEOS_DEPLOYMENT_TARGET = 5.1;
				SDKROOT = iphoneos;
			};
			name = Debug;
		};
		BE6E136A153F719200DBE022 /* Release */ = {
			isa = XCBuildConfiguration;
			buildSettings = {
				ALWAYS_SEARCH_USER_PATHS = NO;
				ARCHS = "$(ARCHS_STANDARD_32_BIT)";
				CLANG_ENABLE_OBJC_ARC = YES;
				"CODE_SIGN_IDENTITY[sdk=iphoneos*]" = "iPhone Developer";
				COPY_PHASE_STRIP = YES;
				GCC_C_LANGUAGE_STANDARD = gnu99;
				GCC_VERSION = com.apple.compilers.llvm.clang.1_0;
				GCC_WARN_ABOUT_RETURN_TYPE = YES;
				GCC_WARN_UNINITIALIZED_AUTOS = YES;
				GCC_WARN_UNUSED_VARIABLE = YES;
				IPHONEOS_DEPLOYMENT_TARGET = 5.1;
				OTHER_CFLAGS = "-DNS_BLOCK_ASSERTIONS=1";
				SDKROOT = iphoneos;
				VALIDATE_PRODUCT = YES;
			};
			name = Release;
		};
		BE6E136C153F719200DBE022 /* Debug */ = {
			isa = XCBuildConfiguration;
			buildSettings = {
				GCC_PRECOMPILE_PREFIX_HEADER = YES;
				GCC_PREFIX_HEADER = "April19/April19-Prefix.pch";
				INFOPLIST_FILE = "April19/April19-Info.plist";
				PRODUCT_NAME = "$(TARGET_NAME)";
				WRAPPER_EXTENSION = app;
			};
			name = Debug;
		};
		BE6E136D153F719200DBE022 /* Release */ = {
			isa = XCBuildConfiguration;
			buildSettings = {
				GCC_PRECOMPILE_PREFIX_HEADER = YES;
				GCC_PREFIX_HEADER = "April19/April19-Prefix.pch";
				INFOPLIST_FILE = "April19/April19-Info.plist";
				PRODUCT_NAME = "$(TARGET_NAME)";
				WRAPPER_EXTENSION = app;
			};
			name = Release;
		};
/* End XCBuildConfiguration section */

/* Begin XCConfigurationList section */
		BE6E134D153F719200DBE022 /* Build configuration list for PBXProject "April19" */ = {
			isa = XCConfigurationList;
			buildConfigurations = (
				BE6E1369153F719200DBE022 /* Debug */,
				BE6E136A153F719200DBE022 /* Release */,
			);
			defaultConfigurationIsVisible = 0;
			defaultConfigurationName = Release;
		};
		BE6E136B153F719200DBE022 /* Build configuration list for PBXNativeTarget "April19" */ = {
			isa = XCConfigurationList;
			buildConfigurations = (
				BE6E136C153F719200DBE022 /* Debug */,
				BE6E136D153F719200DBE022 /* Release */,
			);
			defaultConfigurationIsVisible = 0;
		};
/* End XCConfigurationList section */
	};
	rootObject = BE6E134A153F719200DBE022 /* Project object */;
}
